// !$*UTF8*$!
{
	archiveVersion = 1;
	classes = {
	};
	objectVersion = 46;
	objects = {

/* Begin PBXBuildFile section */
		AF0E79251AA9E08D00E03E8F /* Images.xcassets in Resources */ = {isa = PBXBuildFile; fileRef = AF0E79241AA9E08D00E03E8F /* Images.xcassets */; };
		AF7CA8811AA7A27D00EE0B36 /* AppDelegate.swift in Sources */ = {isa = PBXBuildFile; fileRef = AF7CA8801AA7A27D00EE0B36 /* AppDelegate.swift */; };
		AF7CA8831AA7A27D00EE0B36 /* RecordSoundsViewController.swift in Sources */ = {isa = PBXBuildFile; fileRef = AF7CA8821AA7A27D00EE0B36 /* RecordSoundsViewController.swift */; };
		AF7CA8861AA7A27D00EE0B36 /* Main.storyboard in Resources */ = {isa = PBXBuildFile; fileRef = AF7CA8841AA7A27D00EE0B36 /* Main.storyboard */; };
		AF7CA88B1AA7A27D00EE0B36 /* LaunchScreen.xib in Resources */ = {isa = PBXBuildFile; fileRef = AF7CA8891AA7A27D00EE0B36 /* LaunchScreen.xib */; };
		AF7CA8971AA7A27D00EE0B36 /* Pitch_PerfectTests.swift in Sources */ = {isa = PBXBuildFile; fileRef = AF7CA8961AA7A27D00EE0B36 /* Pitch_PerfectTests.swift */; };
		AF8AD1951AAB2B8800105DAA /* RecordedAudio.swift in Sources */ = {isa = PBXBuildFile; fileRef = AF8AD1941AAB2B8800105DAA /* RecordedAudio.swift */; };
		AF8EA29A1AAA1F5C0008387B /* PlaySoundsViewController.swift in Sources */ = {isa = PBXBuildFile; fileRef = AF8EA2991AAA1F5C0008387B /* PlaySoundsViewController.swift */; };
		AFDA8A1A1AAA267E00C18A12 /* movie_quote.mp3 in Resources */ = {isa = PBXBuildFile; fileRef = AFDA8A191AAA267E00C18A12 /* movie_quote.mp3 */; };
/* End PBXBuildFile section */

/* Begin PBXContainerItemProxy section */
		AF7CA8911AA7A27D00EE0B36 /* PBXContainerItemProxy */ = {
			isa = PBXContainerItemProxy;
			containerPortal = AF7CA8731AA7A27D00EE0B36 /* Project object */;
			proxyType = 1;
			remoteGlobalIDString = AF7CA87A1AA7A27D00EE0B36;
			remoteInfo = "Pitch Perfect";
		};
/* End PBXContainerItemProxy section */

/* Begin PBXFileReference section */
		AF0E79241AA9E08D00E03E8F /* Images.xcassets */ = {isa = PBXFileReference; lastKnownFileType = folder.assetcatalog; path = Images.xcassets; sourceTree = "<group>"; };
		AF7CA87B1AA7A27D00EE0B36 /* Pitch Perfect.app */ = {isa = PBXFileReference; explicitFileType = wrapper.application; includeInIndex = 0; path = "Pitch Perfect.app"; sourceTree = BUILT_PRODUCTS_DIR; };
		AF7CA87F1AA7A27D00EE0B36 /* Info.plist */ = {isa = PBXFileReference; lastKnownFileType = text.plist.xml; path = Info.plist; sourceTree = "<group>"; };
		AF7CA8801AA7A27D00EE0B36 /* AppDelegate.swift */ = {isa = PBXFileReference; lastKnownFileType = sourcecode.swift; path = AppDelegate.swift; sourceTree = "<group>"; };
		AF7CA8821AA7A27D00EE0B36 /* RecordSoundsViewController.swift */ = {isa = PBXFileReference; lastKnownFileType = sourcecode.swift; path = RecordSoundsViewController.swift; sourceTree = "<group>"; };
		AF7CA8851AA7A27D00EE0B36 /* Base */ = {isa = PBXFileReference; lastKnownFileType = file.storyboard; name = Base; path = Base.lproj/Main.storyboard; sourceTree = "<group>"; };
		AF7CA88A1AA7A27D00EE0B36 /* Base */ = {isa = PBXFileReference; lastKnownFileType = file.xib; name = Base; path = Base.lproj/LaunchScreen.xib; sourceTree = "<group>"; };
		AF7CA8901AA7A27D00EE0B36 /* Pitch PerfectTests.xctest */ = {isa = PBXFileReference; explicitFileType = wrapper.cfbundle; includeInIndex = 0; path = "Pitch PerfectTests.xctest"; sourceTree = BUILT_PRODUCTS_DIR; };
		AF7CA8951AA7A27D00EE0B36 /* Info.plist */ = {isa = PBXFileReference; lastKnownFileType = text.plist.xml; path = Info.plist; sourceTree = "<group>"; };
		AF7CA8961AA7A27D00EE0B36 /* Pitch_PerfectTests.swift */ = {isa = PBXFileReference; lastKnownFileType = sourcecode.swift; path = Pitch_PerfectTests.swift; sourceTree = "<group>"; };
		AF8AD1941AAB2B8800105DAA /* RecordedAudio.swift */ = {isa = PBXFileReference; fileEncoding = 4; lastKnownFileType = sourcecode.swift; path = RecordedAudio.swift; sourceTree = "<group>"; };
		AF8EA2991AAA1F5C0008387B /* PlaySoundsViewController.swift */ = {isa = PBXFileReference; fileEncoding = 4; lastKnownFileType = sourcecode.swift; path = PlaySoundsViewController.swift; sourceTree = "<group>"; };
		AFDA8A191AAA267E00C18A12 /* movie_quote.mp3 */ = {isa = PBXFileReference; lastKnownFileType = audio.mp3; name = movie_quote.mp3; path = ../movie_quote.mp3; sourceTree = "<group>"; };
/* End PBXFileReference section */

/* Begin PBXFrameworksBuildPhase section */
		AF7CA8781AA7A27D00EE0B36 /* Frameworks */ = {
			isa = PBXFrameworksBuildPhase;
			buildActionMask = 2147483647;
			files = (
			);
			runOnlyForDeploymentPostprocessing = 0;
		};
		AF7CA88D1AA7A27D00EE0B36 /* Frameworks */ = {
			isa = PBXFrameworksBuildPhase;
			buildActionMask = 2147483647;
			files = (
			);
			runOnlyForDeploymentPostprocessing = 0;
		};
/* End PBXFrameworksBuildPhase section */

/* Begin PBXGroup section */
		AF7CA8721AA7A27D00EE0B36 = {
			isa = PBXGroup;
			children = (
				AF7CA87D1AA7A27D00EE0B36 /* Pitch Perfect */,
				AF7CA8931AA7A27D00EE0B36 /* Pitch PerfectTests */,
				AF7CA87C1AA7A27D00EE0B36 /* Products */,
			);
			sourceTree = "<group>";
		};
		AF7CA87C1AA7A27D00EE0B36 /* Products */ = {
			isa = PBXGroup;
			children = (
				AF7CA87B1AA7A27D00EE0B36 /* Pitch Perfect.app */,
				AF7CA8901AA7A27D00EE0B36 /* Pitch PerfectTests.xctest */,
			);
			name = Products;
			sourceTree = "<group>";
		};
		AF7CA87D1AA7A27D00EE0B36 /* Pitch Perfect */ = {
			isa = PBXGroup;
			children = (
				AF0E79241AA9E08D00E03E8F /* Images.xcassets */,
				AF7CA8801AA7A27D00EE0B36 /* AppDelegate.swift */,
				AF7CA8821AA7A27D00EE0B36 /* RecordSoundsViewController.swift */,
				AF7CA8841AA7A27D00EE0B36 /* Main.storyboard */,
				AF8EA2991AAA1F5C0008387B /* PlaySoundsViewController.swift */,
				AF7CA8891AA7A27D00EE0B36 /* LaunchScreen.xib */,
				AF7CA87E1AA7A27D00EE0B36 /* Supporting Files */,
				AF8AD1941AAB2B8800105DAA /* RecordedAudio.swift */,
			);
			path = "Pitch Perfect";
			sourceTree = "<group>";
		};
		AF7CA87E1AA7A27D00EE0B36 /* Supporting Files */ = {
			isa = PBXGroup;
			children = (
				AFDA8A191AAA267E00C18A12 /* movie_quote.mp3 */,
				AF7CA87F1AA7A27D00EE0B36 /* Info.plist */,
			);
			name = "Supporting Files";
			sourceTree = "<group>";
		};
		AF7CA8931AA7A27D00EE0B36 /* Pitch PerfectTests */ = {
			isa = PBXGroup;
			children = (
				AF7CA8961AA7A27D00EE0B36 /* Pitch_PerfectTests.swift */,
				AF7CA8941AA7A27D00EE0B36 /* Supporting Files */,
			);
			path = "Pitch PerfectTests";
			sourceTree = "<group>";
		};
		AF7CA8941AA7A27D00EE0B36 /* Supporting Files */ = {
			isa = PBXGroup;
			children = (
				AF7CA8951AA7A27D00EE0B36 /* Info.plist */,
			);
			name = "Supporting Files";
			sourceTree = "<group>";
		};
/* End PBXGroup section */

/* Begin PBXNativeTarget section */
		AF7CA87A1AA7A27D00EE0B36 /* Pitch Perfect */ = {
			isa = PBXNativeTarget;
			buildConfigurationList = AF7CA89A1AA7A27D00EE0B36 /* Build configuration list for PBXNativeTarget "Pitch Perfect" */;
			buildPhases = (
				AF7CA8771AA7A27D00EE0B36 /* Sources */,
				AF7CA8781AA7A27D00EE0B36 /* Frameworks */,
				AF7CA8791AA7A27D00EE0B36 /* Resources */,
			);
			buildRules = (
			);
			dependencies = (
			);
			name = "Pitch Perfect";
			productName = "Pitch Perfect";
			productReference = AF7CA87B1AA7A27D00EE0B36 /* Pitch Perfect.app */;
			productType = "com.apple.product-type.application";
		};
		AF7CA88F1AA7A27D00EE0B36 /* Pitch PerfectTests */ = {
			isa = PBXNativeTarget;
			buildConfigurationList = AF7CA89D1AA7A27D00EE0B36 /* Build configuration list for PBXNativeTarget "Pitch PerfectTests" */;
			buildPhases = (
				AF7CA88C1AA7A27D00EE0B36 /* Sources */,
				AF7CA88D1AA7A27D00EE0B36 /* Frameworks */,
				AF7CA88E1AA7A27D00EE0B36 /* Resources */,
			);
			buildRules = (
			);
			dependencies = (
				AF7CA8921AA7A27D00EE0B36 /* PBXTargetDependency */,
			);
			name = "Pitch PerfectTests";
			productName = "Pitch PerfectTests";
			productReference = AF7CA8901AA7A27D00EE0B36 /* Pitch PerfectTests.xctest */;
			productType = "com.apple.product-type.bundle.unit-test";
		};
/* End PBXNativeTarget section */

/* Begin PBXProject section */
		AF7CA8731AA7A27D00EE0B36 /* Project object */ = {
			isa = PBXProject;
			attributes = {
				LastUpgradeCheck = 0610;
				ORGANIZATIONNAME = GCBraun;
				TargetAttributes = {
					AF7CA87A1AA7A27D00EE0B36 = {
						CreatedOnToolsVersion = 6.1.1;
						DevelopmentTeam = 3TN6BDTK2C;
					};
					AF7CA88F1AA7A27D00EE0B36 = {
						CreatedOnToolsVersion = 6.1.1;
						DevelopmentTeam = 3TN6BDTK2C;
						TestTargetID = AF7CA87A1AA7A27D00EE0B36;
					};
				};
			};
			buildConfigurationList = AF7CA8761AA7A27D00EE0B36 /* Build configuration list for PBXProject "Pitch Perfect" */;
			compatibilityVersion = "Xcode 3.2";
			developmentRegion = English;
			hasScannedForEncodings = 0;
			knownRegions = (
				en,
				Base,
			);
			mainGroup = AF7CA8721AA7A27D00EE0B36;
			productRefGroup = AF7CA87C1AA7A27D00EE0B36 /* Products */;
			projectDirPath = "";
			projectRoot = "";
			targets = (
				AF7CA87A1AA7A27D00EE0B36 /* Pitch Perfect */,
				AF7CA88F1AA7A27D00EE0B36 /* Pitch PerfectTests */,
			);
		};
/* End PBXProject section */

/* Begin PBXResourcesBuildPhase section */
		AF7CA8791AA7A27D00EE0B36 /* Resources */ = {
			isa = PBXResourcesBuildPhase;
			buildActionMask = 2147483647;
			files = (
				AF0E79251AA9E08D00E03E8F /* Images.xcassets in Resources */,
				AF7CA8861AA7A27D00EE0B36 /* Main.storyboard in Resources */,
				AFDA8A1A1AAA267E00C18A12 /* movie_quote.mp3 in Resources */,
				AF7CA88B1AA7A27D00EE0B36 /* LaunchScreen.xib in Resources */,
			);
			runOnlyForDeploymentPostprocessing = 0;
		};
		AF7CA88E1AA7A27D00EE0B36 /* Resources */ = {
			isa = PBXResourcesBuildPhase;
			buildActionMask = 2147483647;
			files = (
			);
			runOnlyForDeploymentPostprocessing = 0;
		};
/* End PBXResourcesBuildPhase section */

/* Begin PBXSourcesBuildPhase section */
		AF7CA8771AA7A27D00EE0B36 /* Sources */ = {
			isa = PBXSourcesBuildPhase;
			buildActionMask = 2147483647;
			files = (
				AF8AD1951AAB2B8800105DAA /* RecordedAudio.swift in Sources */,
				AF7CA8831AA7A27D00EE0B36 /* RecordSoundsViewController.swift in Sources */,
				AF8EA29A1AAA1F5C0008387B /* PlaySoundsViewController.swift in Sources */,
				AF7CA8811AA7A27D00EE0B36 /* AppDelegate.swift in Sources */,
			);
			runOnlyForDeploymentPostprocessing = 0;
		};
		AF7CA88C1AA7A27D00EE0B36 /* Sources */ = {
			isa = PBXSourcesBuildPhase;
			buildActionMask = 2147483647;
			files = (
				AF7CA8971AA7A27D00EE0B36 /* Pitch_PerfectTests.swift in Sources */,
			);
			runOnlyForDeploymentPostprocessing = 0;
		};
/* End PBXSourcesBuildPhase section */

/* Begin PBXTargetDependency section */
		AF7CA8921AA7A27D00EE0B36 /* PBXTargetDependency */ = {
			isa = PBXTargetDependency;
			target = AF7CA87A1AA7A27D00EE0B36 /* Pitch Perfect */;
			targetProxy = AF7CA8911AA7A27D00EE0B36 /* PBXContainerItemProxy */;
		};
/* End PBXTargetDependency section */

/* Begin PBXVariantGroup section */
		AF7CA8841AA7A27D00EE0B36 /* Main.storyboard */ = {
			isa = PBXVariantGroup;
			children = (
				AF7CA8851AA7A27D00EE0B36 /* Base */,
			);
			name = Main.storyboard;
			sourceTree = "<group>";
		};
		AF7CA8891AA7A27D00EE0B36 /* LaunchScreen.xib */ = {
			isa = PBXVariantGroup;
			children = (
				AF7CA88A1AA7A27D00EE0B36 /* Base */,
			);
			name = LaunchScreen.xib;
			sourceTree = "<group>";
		};
/* End PBXVariantGroup section */

/* Begin XCBuildConfiguration section */
		AF7CA8981AA7A27D00EE0B36 /* Debug */ = {
			isa = XCBuildConfiguration;
			buildSettings = {
				ALWAYS_SEARCH_USER_PATHS = NO;
				CLANG_CXX_LANGUAGE_STANDARD = "gnu++0x";
				CLANG_CXX_LIBRARY = "libc++";
				CLANG_ENABLE_MODULES = YES;
				CLANG_ENABLE_OBJC_ARC = YES;
				CLANG_WARN_BOOL_CONVERSION = YES;
				CLANG_WARN_CONSTANT_CONVERSION = YES;
				CLANG_WARN_DIRECT_OBJC_ISA_USAGE = YES_ERROR;
				CLANG_WARN_EMPTY_BODY = YES;
				CLANG_WARN_ENUM_CONVERSION = YES;
				CLANG_WARN_INT_CONVERSION = YES;
				CLANG_WARN_OBJC_ROOT_CLASS = YES_ERROR;
				CLANG_WARN_UNREACHABLE_CODE = YES;
				CLANG_WARN__DUPLICATE_METHOD_MATCH = YES;
				"CODE_SIGN_IDENTITY[sdk=iphoneos*]" = "iPhone Developer";
				COPY_PHASE_STRIP = NO;
				ENABLE_STRICT_OBJC_MSGSEND = YES;
				GCC_C_LANGUAGE_STANDARD = gnu99;
				GCC_DYNAMIC_NO_PIC = NO;
				GCC_OPTIMIZATION_LEVEL = 0;
				GCC_PREPROCESSOR_DEFINITIONS = (
					"DEBUG=1",
					"$(inherited)",
				);
				GCC_SYMBOLS_PRIVATE_EXTERN = NO;
				GCC_WARN_64_TO_32_BIT_CONVERSION = YES;
				GCC_WARN_ABOUT_RETURN_TYPE = YES_ERROR;
				GCC_WARN_UNDECLARED_SELECTOR = YES;
				GCC_WARN_UNINITIALIZED_AUTOS = YES_AGGRESSIVE;
				GCC_WARN_UNUSED_FUNCTION = YES;
				GCC_WARN_UNUSED_VARIABLE = YES;
				IPHONEOS_DEPLOYMENT_TARGET = 8.1;
				MTL_ENABLE_DEBUG_INFO = YES;
				ONLY_ACTIVE_ARCH = YES;
				SDKROOT = iphoneos;
				SWIFT_OPTIMIZATION_LEVEL = "-Onone";
			};
			name = Debug;
		};
		AF7CA8991AA7A27D00EE0B36 /* Release */ = {
			isa = XCBuildConfiguration;
			buildSettings = {
				ALWAYS_SEARCH_USER_PATHS = NO;
				CLANG_CXX_LANGUAGE_STANDARD = "gnu++0x";
				CLANG_CXX_LIBRARY = "libc++";
				CLANG_ENABLE_MODULES = YES;
				CLANG_ENABLE_OBJC_ARC = YES;
				CLANG_WARN_BOOL_CONVERSION = YES;
				CLANG_WARN_CONSTANT_CONVERSION = YES;
				CLANG_WARN_DIRECT_OBJC_ISA_USAGE = YES_ERROR;
				CLANG_WARN_EMPTY_BODY = YES;
				CLANG_WARN_ENUM_CONVERSION = YES;
				CLANG_WARN_INT_CONVERSION = YES;
				CLANG_WARN_OBJC_ROOT_CLASS = YES_ERROR;
				CLANG_WARN_UNREACHABLE_CODE = YES;
				CLANG_WARN__DUPLICATE_METHOD_MATCH = YES;
				"CODE_SIGN_IDENTITY[sdk=iphoneos*]" = "iPhone Developer";
				COPY_PHASE_STRIP = YES;
				ENABLE_NS_ASSERTIONS = NO;
				ENABLE_STRICT_OBJC_MSGSEND = YES;
				GCC_C_LANGUAGE_STANDARD = gnu99;
				GCC_WARN_64_TO_32_BIT_CONVERSION = YES;
				GCC_WARN_ABOUT_RETURN_TYPE = YES_ERROR;
				GCC_WARN_UNDECLARED_SELECTOR = YES;
				GCC_WARN_UNINITIALIZED_AUTOS = YES_AGGRESSIVE;
				GCC_WARN_UNUSED_FUNCTION = YES;
				GCC_WARN_UNUSED_VARIABLE = YES;
				IPHONEOS_DEPLOYMENT_TARGET = 8.1;
				MTL_ENABLE_DEBUG_INFO = NO;
				SDKROOT = iphoneos;
				VALIDATE_PRODUCT = YES;
			};
			name = Release;
		};
		AF7CA89B1AA7A27D00EE0B36 /* Debug */ = {
			isa = XCBuildConfiguration;
			buildSettings = {
				ASSETCATALOG_COMPILER_APPICON_NAME = AppIcon;
				INFOPLIST_FILE = "Pitch Perfect/Info.plist";
				LD_RUNPATH_SEARCH_PATHS = "$(inherited) @executable_path/Frameworks";
				PRODUCT_NAME = "$(TARGET_NAME)";
			};
			name = Debug;
		};
		AF7CA89C1AA7A27D00EE0B36 /* Release */ = {
			isa = XCBuildConfiguration;
			buildSettings = {
				ASSETCATALOG_COMPILER_APPICON_NAME = AppIcon;
				INFOPLIST_FILE = "Pitch Perfect/Info.plist";
				LD_RUNPATH_SEARCH_PATHS = "$(inherited) @executable_path/Frameworks";
				PRODUCT_NAME = "$(TARGET_NAME)";
			};
			name = Release;
		};
		AF7CA89E1AA7A27D00EE0B36 /* Debug */ = {
			isa = XCBuildConfiguration;
			buildSettings = {
				BUNDLE_LOADER = "$(TEST_HOST)";
				CODE_SIGN_IDENTITY = "iPhone Developer";
				"CODE_SIGN_IDENTITY[sdk=iphoneos*]" = "iPhone Developer";
				FRAMEWORK_SEARCH_PATHS = (
					"$(SDKROOT)/Developer/Library/Frameworks",
					"$(inherited)",
				);
				GCC_PREPROCESSOR_DEFINITIONS = (
					"DEBUG=1",
					"$(inherited)",
				);
				INFOPLIST_FILE = "Pitch PerfectTests/Info.plist";
				LD_RUNPATH_SEARCH_PATHS = "$(inherited) @executable_path/Frameworks @loader_path/Frameworks";
				PRODUCT_NAME = "$(TARGET_NAME)";
				PROVISIONING_PROFILE = "";
				TEST_HOST = "$(BUILT_PRODUCTS_DIR)/Pitch Perfect.app/Pitch Perfect";
			};
			name = Debug;
		};
		AF7CA89F1AA7A27D00EE0B36 /* Release */ = {
			isa = XCBuildConfiguration;
			buildSettings = {
				BUNDLE_LOADER = "$(TEST_HOST)";
				CODE_SIGN_IDENTITY = "iPhone Developer";
				"CODE_SIGN_IDENTITY[sdk=iphoneos*]" = "iPhone Developer";
				FRAMEWORK_SEARCH_PATHS = (
					"$(SDKROOT)/Developer/Library/Frameworks",
					"$(inherited)",
				);
				INFOPLIST_FILE = "Pitch PerfectTests/Info.plist";
				LD_RUNPATH_SEARCH_PATHS = "$(inherited) @executable_path/Frameworks @loader_path/Frameworks";
				PRODUCT_NAME = "$(TARGET_NAME)";
				PROVISIONING_PROFILE = "";
				TEST_HOST = "$(BUILT_PRODUCTS_DIR)/Pitch Perfect.app/Pitch Perfect";
			};
			name = Release;
		};
/* End XCBuildConfiguration section */

/* Begin XCConfigurationList section */
		AF7CA8761AA7A27D00EE0B36 /* Build configuration list for PBXProject "Pitch Perfect" */ = {
			isa = XCConfigurationList;
			buildConfigurations = (
				AF7CA8981AA7A27D00EE0B36 /* Debug */,
				AF7CA8991AA7A27D00EE0B36 /* Release */,
			);
			defaultConfigurationIsVisible = 0;
			defaultConfigurationName = Release;
		};
		AF7CA89A1AA7A27D00EE0B36 /* Build configuration list for PBXNativeTarget "Pitch Perfect" */ = {
			isa = XCConfigurationList;
			buildConfigurations = (
				AF7CA89B1AA7A27D00EE0B36 /* Debug */,
				AF7CA89C1AA7A27D00EE0B36 /* Release */,
			);
			defaultConfigurationIsVisible = 0;
			defaultConfigurationName = Release;
		};
		AF7CA89D1AA7A27D00EE0B36 /* Build configuration list for PBXNativeTarget "Pitch PerfectTests" */ = {
			isa = XCConfigurationList;
			buildConfigurations = (
				AF7CA89E1AA7A27D00EE0B36 /* Debug */,
				AF7CA89F1AA7A27D00EE0B36 /* Release */,
			);
			defaultConfigurationIsVisible = 0;
			defaultConfigurationName = Release;
		};
/* End XCConfigurationList section */
	};
	rootObject = AF7CA8731AA7A27D00EE0B36 /* Project object */;
}
